{
  "name": "main-proj",
  "version": "1.0.0",
  "lockfileVersion": 1,
  "requires": true,
  "dependencies": {
    "loadash": {
      "version": "1.0.0",
      "resolved": "https://registry.npmjs.org/loadash/-/loadash-1.0.0.tgz",
      "integrity": "sha512-xlX5HBsXB3KG0FJbJJG/3kYWCfsCyCSus3T+uHVu6QL6YxAdggmm3QeyLgn54N2yi5/UE6xxL5ZWJAAiHzHYEg=="
    },
    "nodejs": {
      "version": "github:jay1303/NodeJs#27da51ffdada3b95e2c65132e7bbffd2af26cc98",
      "from": "github:jay1303/NodeJs#master"
    }
  }
}
